Microsoft Visual Studio Solution File, Format Version 12.00
# Visual Studio 2012
Project("{FAE04EC0-301F-11D3-BF4B-00C04F79EFBC}") = "DodgeTheCreeps2D", "DodgeTheCreeps2D.csproj", "{2398670F-910E-4EF7-9818-913E5C15DDBA}"
EndProject
Global
	GlobalSection(SolutionConfigurationPlatforms) = preSolution
	Debug|Any CPU = Debug|Any CPU
	ExportDebug|Any CPU = ExportDebug|Any CPU
	ExportRelease|Any CPU = ExportRelease|Any CPU
	EndGlobalSection
	GlobalSection(ProjectConfigurationPlatforms) = postSolution
		{2398670F-910E-4EF7-9818-913E5C15DDBA}.Debug|Any CPU.ActiveCfg = Debug|Any CPU
		{2398670F-910E-4EF7-9818-913E5C15DDBA}.Debug|Any CPU.Build.0 = Debug|Any CPU
		{2398670F-910E-4EF7-9818-913E5C15DDBA}.ExportDebug|Any CPU.ActiveCfg = ExportDebug|Any CPU
		{2398670F-910E-4EF7-9818-913E5C15DDBA}.ExportDebug|Any CPU.Build.0 = ExportDebug|Any CPU
		{2398670F-910E-4EF7-9818-913E5C15DDBA}.ExportRelease|Any CPU.ActiveCfg = ExportRelease|Any CPU
		{2398670F-910E-4EF7-9818-913E5C15DDBA}.ExportRelease|Any CPU.Build.0 = ExportRelease|Any CPU
	EndGlobalSection
EndGlobal
